
Microsoft Visual Studio Solution File, Format Version 12.00
# Visual Studio Version 17
VisualStudioVersion = 17.10.34928.147
MinimumVisualStudioVersion = 10.0.40219.1
Project("{8BC9CEB8-8B4A-11D0-8D11-00A0C91BC942}") = "Program", "Program.vcxproj", "{F7790703-E949-4D76-92F8-12DB65BC9DD8}"
EndProject
Project("{8BC9CEB8-8B4A-11D0-8D11-00A0C91BC942}") = "Class1th (Single Linked List)", "..\Class1th (Single Linked List)\Class1th (Single Linked List).vcxproj", "{FF8BC4A5-F702-4639-B61B-528B824E0133}"
EndProject
Project("{8BC9CEB8-8B4A-11D0-8D11-00A0C91BC942}") = "Class2th (Double Linked List)", "..\Class2th (Double Linked List)\Class2th (Double Linked List).vcxproj", "{E24B3A53-6B3E-4643-9A64-7A88F910FC10}"
EndProject
Project("{8BC9CEB8-8B4A-11D0-8D11-00A0C91BC942}") = "Class3th (Circle Linked List)", "..\Class3th (Circle Linked List)\Class3th (Circle Linked List).vcxproj", "{4D5926B2-F795-45BA-8268-F8A4E161F71B}"
EndProject
Project("{8BC9CEB8-8B4A-11D0-8D11-00A0C91BC942}") = "Class4th (Stack)", "..\Class4th (Stack)\Class4th (Stack).vcxproj", "{81075A52-D1DF-48BB-8BB0-7A5818F251CE}"
EndProject
Project("{8BC9CEB8-8B4A-11D0-8D11-00A0C91BC942}") = "Class5th (Linear Queue)", "..\Class5th (Linear Queue)\Class5th (Linear Queue).vcxproj", "{B4FF5436-09C2-4610-9CDC-61B77CAA3F97}"
EndProject
Project("{8BC9CEB8-8B4A-11D0-8D11-00A0C91BC942}") = "Class6th (Circle Queue)", "..\Class6th (Circle Queue)\Class6th (Circle Queue).vcxproj", "{1B6DBFF7-8690-45E2-88A6-EAB4C3B7858F}"
EndProject
Project("{8BC9CEB8-8B4A-11D0-8D11-00A0C91BC942}") = "Class7th (Vector)", "..\Class7th (Vector)\Class7th (Vector).vcxproj", "{ED1D3C49-D4C9-4ACD-AE89-0C261C487201}"
EndProject
Project("{8BC9CEB8-8B4A-11D0-8D11-00A0C91BC942}") = "Class8th (String)", "..\Class8th (String)\Class8th (String).vcxproj", "{9CE40631-721D-4432-AC92-04A351E1DDDB}"
EndProject
Project("{8BC9CEB8-8B4A-11D0-8D11-00A0C91BC942}") = "Class9th (Hash Table)", "..\Class9th (Hash Table)\Class9th (Hash Table).vcxproj", "{B02B8CD3-2829-4386-86B1-B88192716D9D}"
EndProject
Project("{8BC9CEB8-8B4A-11D0-8D11-00A0C91BC942}") = "Class10th (Binary Tree)", "..\Class10th (Binary Tree)\Class10th (Binary Tree).vcxproj", "{7BDC8CCD-F7AE-4B19-96EB-460FDB33B9D3}"
EndProject
Project("{8BC9CEB8-8B4A-11D0-8D11-00A0C91BC942}") = "Class11th (Heap)", "..\Class11th (Heap)\Class11th (Heap).vcxproj", "{13AFB3DB-0A4A-489E-B811-97AC529E3373}"
EndProject
Project("{8BC9CEB8-8B4A-11D0-8D11-00A0C91BC942}") = "Class12th (Graph Adjancency Matrix)", "..\Class12th (Graph Adjacency Matrix)\Class12th (Graph Adjacency Matrix).vcxproj", "{94F7EC40-D368-420A-9125-C8D1F413EB33}"
EndProject
Project("{8BC9CEB8-8B4A-11D0-8D11-00A0C91BC942}") = "Class13th (Graph Adjancency List)", "..\Class13th (Graph Adjancency List)\Class13th (Graph Adjancency List).vcxproj", "{91E2FA30-4AB3-4D5D-81E7-4F0C35B06E11}"
EndProject
Project("{8BC9CEB8-8B4A-11D0-8D11-00A0C91BC942}") = "Class14th (Binary Search Tree)", "..\Class14th (Binary Search Tree)\Class14th (Binary Search Tree).vcxproj", "{B6E7CD18-8F40-4EED-9785-C0652A4B3CE3}"
EndProject
Global
	GlobalSection(SolutionConfigurationPlatforms) = preSolution
		Debug|x64 = Debug|x64
		Debug|x86 = Debug|x86
		Release|x64 = Release|x64
		Release|x86 = Release|x86
	EndGlobalSection
	GlobalSection(ProjectConfigurationPlatforms) = postSolution
		{F7790703-E949-4D76-92F8-12DB65BC9DD8}.Debug|x64.ActiveCfg = Debug|x64
		{F7790703-E949-4D76-92F8-12DB65BC9DD8}.Debug|x64.Build.0 = Debug|x64
		{F7790703-E949-4D76-92F8-12DB65BC9DD8}.Debug|x86.ActiveCfg = Debug|Win32
		{F7790703-E949-4D76-92F8-12DB65BC9DD8}.Debug|x86.Build.0 = Debug|Win32
		{F7790703-E949-4D76-92F8-12DB65BC9DD8}.Release|x64.ActiveCfg = Release|x64
		{F7790703-E949-4D76-92F8-12DB65BC9DD8}.Release|x64.Build.0 = Release|x64
		{F7790703-E949-4D76-92F8-12DB65BC9DD8}.Release|x86.ActiveCfg = Release|Win32
		{F7790703-E949-4D76-92F8-12DB65BC9DD8}.Release|x86.Build.0 = Release|Win32
		{FF8BC4A5-F702-4639-B61B-528B824E0133}.Debug|x64.ActiveCfg = Debug|x64
		{FF8BC4A5-F702-4639-B61B-528B824E0133}.Debug|x64.Build.0 = Debug|x64
		{FF8BC4A5-F702-4639-B61B-528B824E0133}.Debug|x86.ActiveCfg = Debug|Win32
		{FF8BC4A5-F702-4639-B61B-528B824E0133}.Debug|x86.Build.0 = Debug|Win32
		{FF8BC4A5-F702-4639-B61B-528B824E0133}.Release|x64.ActiveCfg = Release|x64
		{FF8BC4A5-F702-4639-B61B-528B824E0133}.Release|x64.Build.0 = Release|x64
		{FF8BC4A5-F702-4639-B61B-528B824E0133}.Release|x86.ActiveCfg = Release|Win32
		{FF8BC4A5-F702-4639-B61B-528B824E0133}.Release|x86.Build.0 = Release|Win32
		{E24B3A53-6B3E-4643-9A64-7A88F910FC10}.Debug|x64.ActiveCfg = Debug|x64
		{E24B3A53-6B3E-4643-9A64-7A88F910FC10}.Debug|x64.Build.0 = Debug|x64
		{E24B3A53-6B3E-4643-9A64-7A88F910FC10}.Debug|x86.ActiveCfg = Debug|Win32
		{E24B3A53-6B3E-4643-9A64-7A88F910FC10}.Debug|x86.Build.0 = Debug|Win32
		{E24B3A53-6B3E-4643-9A64-7A88F910FC10}.Release|x64.ActiveCfg = Release|x64
		{E24B3A53-6B3E-4643-9A64-7A88F910FC10}.Release|x64.Build.0 = Release|x64
		{E24B3A53-6B3E-4643-9A64-7A88F910FC10}.Release|x86.ActiveCfg = Release|Win32
		{E24B3A53-6B3E-4643-9A64-7A88F910FC10}.Release|x86.Build.0 = Release|Win32
		{4D5926B2-F795-45BA-8268-F8A4E161F71B}.Debug|x64.ActiveCfg = Debug|x64
		{4D5926B2-F795-45BA-8268-F8A4E161F71B}.Debug|x64.Build.0 = Debug|x64
		{4D5926B2-F795-45BA-8268-F8A4E161F71B}.Debug|x86.ActiveCfg = Debug|Win32
		{4D5926B2-F795-45BA-8268-F8A4E161F71B}.Debug|x86.Build.0 = Debug|Win32
		{4D5926B2-F795-45BA-8268-F8A4E161F71B}.Release|x64.ActiveCfg = Release|x64
		{4D5926B2-F795-45BA-8268-F8A4E161F71B}.Release|x64.Build.0 = Release|x64
		{4D5926B2-F795-45BA-8268-F8A4E161F71B}.Release|x86.ActiveCfg = Release|Win32
		{4D5926B2-F795-45BA-8268-F8A4E161F71B}.Release|x86.Build.0 = Release|Win32
		{81075A52-D1DF-48BB-8BB0-7A5818F251CE}.Debug|x64.ActiveCfg = Debug|x64
		{81075A52-D1DF-48BB-8BB0-7A5818F251CE}.Debug|x64.Build.0 = Debug|x64
		{81075A52-D1DF-48BB-8BB0-7A5818F251CE}.Debug|x86.ActiveCfg = Debug|Win32
		{81075A52-D1DF-48BB-8BB0-7A5818F251CE}.Debug|x86.Build.0 = Debug|Win32
		{81075A52-D1DF-48BB-8BB0-7A5818F251CE}.Release|x64.ActiveCfg = Release|x64
		{81075A52-D1DF-48BB-8BB0-7A5818F251CE}.Release|x64.Build.0 = Release|x64
		{81075A52-D1DF-48BB-8BB0-7A5818F251CE}.Release|x86.ActiveCfg = Release|Win32
		{81075A52-D1DF-48BB-8BB0-7A5818F251CE}.Release|x86.Build.0 = Release|Win32
		{B4FF5436-09C2-4610-9CDC-61B77CAA3F97}.Debug|x64.ActiveCfg = Debug|x64
		{B4FF5436-09C2-4610-9CDC-61B77CAA3F97}.Debug|x64.Build.0 = Debug|x64
		{B4FF5436-09C2-4610-9CDC-61B77CAA3F97}.Debug|x86.ActiveCfg = Debug|Win32
		{B4FF5436-09C2-4610-9CDC-61B77CAA3F97}.Debug|x86.Build.0 = Debug|Win32
		{B4FF5436-09C2-4610-9CDC-61B77CAA3F97}.Release|x64.ActiveCfg = Release|x64
		{B4FF5436-09C2-4610-9CDC-61B77CAA3F97}.Release|x64.Build.0 = Release|x64
		{B4FF5436-09C2-4610-9CDC-61B77CAA3F97}.Release|x86.ActiveCfg = Release|Win32
		{B4FF5436-09C2-4610-9CDC-61B77CAA3F97}.Release|x86.Build.0 = Release|Win32
		{1B6DBFF7-8690-45E2-88A6-EAB4C3B7858F}.Debug|x64.ActiveCfg = Debug|x64
		{1B6DBFF7-8690-45E2-88A6-EAB4C3B7858F}.Debug|x64.Build.0 = Debug|x64
		{1B6DBFF7-8690-45E2-88A6-EAB4C3B7858F}.Debug|x86.ActiveCfg = Debug|Win32
		{1B6DBFF7-8690-45E2-88A6-EAB4C3B7858F}.Debug|x86.Build.0 = Debug|Win32
		{1B6DBFF7-8690-45E2-88A6-EAB4C3B7858F}.Release|x64.ActiveCfg = Release|x64
		{1B6DBFF7-8690-45E2-88A6-EAB4C3B7858F}.Release|x64.Build.0 = Release|x64
		{1B6DBFF7-8690-45E2-88A6-EAB4C3B7858F}.Release|x86.ActiveCfg = Release|Win32
		{1B6DBFF7-8690-45E2-88A6-EAB4C3B7858F}.Release|x86.Build.0 = Release|Win32
		{ED1D3C49-D4C9-4ACD-AE89-0C261C487201}.Debug|x64.ActiveCfg = Debug|x64
		{ED1D3C49-D4C9-4ACD-AE89-0C261C487201}.Debug|x64.Build.0 = Debug|x64
		{ED1D3C49-D4C9-4ACD-AE89-0C261C487201}.Debug|x86.ActiveCfg = Debug|Win32
		{ED1D3C49-D4C9-4ACD-AE89-0C261C487201}.Debug|x86.Build.0 = Debug|Win32
		{ED1D3C49-D4C9-4ACD-AE89-0C261C487201}.Release|x64.ActiveCfg = Release|x64
		{ED1D3C49-D4C9-4ACD-AE89-0C261C487201}.Release|x64.Build.0 = Release|x64
		{ED1D3C49-D4C9-4ACD-AE89-0C261C487201}.Release|x86.ActiveCfg = Release|Win32
		{ED1D3C49-D4C9-4ACD-AE89-0C261C487201}.Release|x86.Build.0 = Release|Win32
		{9CE40631-721D-4432-AC92-04A351E1DDDB}.Debug|x64.ActiveCfg = Debug|x64
		{9CE40631-721D-4432-AC92-04A351E1DDDB}.Debug|x64.Build.0 = Debug|x64
		{9CE40631-721D-4432-AC92-04A351E1DDDB}.Debug|x86.ActiveCfg = Debug|Win32
		{9CE40631-721D-4432-AC92-04A351E1DDDB}.Debug|x86.Build.0 = Debug|Win32
		{9CE40631-721D-4432-AC92-04A351E1DDDB}.Release|x64.ActiveCfg = Release|x64
		{9CE40631-721D-4432-AC92-04A351E1DDDB}.Release|x64.Build.0 = Release|x64
		{9CE40631-721D-4432-AC92-04A351E1DDDB}.Release|x86.ActiveCfg = Release|Win32
		{9CE40631-721D-4432-AC92-04A351E1DDDB}.Release|x86.Build.0 = Release|Win32
		{B02B8CD3-2829-4386-86B1-B88192716D9D}.Debug|x64.ActiveCfg = Debug|x64
		{B02B8CD3-2829-4386-86B1-B88192716D9D}.Debug|x64.Build.0 = Debug|x64
		{B02B8CD3-2829-4386-86B1-B88192716D9D}.Debug|x86.ActiveCfg = Debug|Win32
		{B02B8CD3-2829-4386-86B1-B88192716D9D}.Debug|x86.Build.0 = Debug|Win32
		{B02B8CD3-2829-4386-86B1-B88192716D9D}.Release|x64.ActiveCfg = Release|x64
		{B02B8CD3-2829-4386-86B1-B88192716D9D}.Release|x64.Build.0 = Release|x64
		{B02B8CD3-2829-4386-86B1-B88192716D9D}.Release|x86.ActiveCfg = Release|Win32
		{B02B8CD3-2829-4386-86B1-B88192716D9D}.Release|x86.Build.0 = Release|Win32
		{7BDC8CCD-F7AE-4B19-96EB-460FDB33B9D3}.Debug|x64.ActiveCfg = Debug|x64
		{7BDC8CCD-F7AE-4B19-96EB-460FDB33B9D3}.Debug|x64.Build.0 = Debug|x64
		{7BDC8CCD-F7AE-4B19-96EB-460FDB33B9D3}.Debug|x86.ActiveCfg = Debug|Win32
		{7BDC8CCD-F7AE-4B19-96EB-460FDB33B9D3}.Debug|x86.Build.0 = Debug|Win32
		{7BDC8CCD-F7AE-4B19-96EB-460FDB33B9D3}.Release|x64.ActiveCfg = Release|x64
		{7BDC8CCD-F7AE-4B19-96EB-460FDB33B9D3}.Release|x64.Build.0 = Release|x64
		{7BDC8CCD-F7AE-4B19-96EB-460FDB33B9D3}.Release|x86.ActiveCfg = Release|Win32
		{7BDC8CCD-F7AE-4B19-96EB-460FDB33B9D3}.Release|x86.Build.0 = Release|Win32
		{13AFB3DB-0A4A-489E-B811-97AC529E3373}.Debug|x64.ActiveCfg = Debug|x64
		{13AFB3DB-0A4A-489E-B811-97AC529E3373}.Debug|x64.Build.0 = Debug|x64
		{13AFB3DB-0A4A-489E-B811-97AC529E3373}.Debug|x86.ActiveCfg = Debug|Win32
		{13AFB3DB-0A4A-489E-B811-97AC529E3373}.Debug|x86.Build.0 = Debug|Win32
		{13AFB3DB-0A4A-489E-B811-97AC529E3373}.Release|x64.ActiveCfg = Release|x64
		{13AFB3DB-0A4A-489E-B811-97AC529E3373}.Release|x64.Build.0 = Release|x64
		{13AFB3DB-0A4A-489E-B811-97AC529E3373}.Release|x86.ActiveCfg = Release|Win32
		{13AFB3DB-0A4A-489E-B811-97AC529E3373}.Release|x86.Build.0 = Release|Win32
		{94F7EC40-D368-420A-9125-C8D1F413EB33}.Debug|x64.ActiveCfg = Debug|x64
		{94F7EC40-D368-420A-9125-C8D1F413EB33}.Debug|x64.Build.0 = Debug|x64
		{94F7EC40-D368-420A-9125-C8D1F413EB33}.Debug|x86.ActiveCfg = Debug|Win32
		{94F7EC40-D368-420A-9125-C8D1F413EB33}.Debug|x86.Build.0 = Debug|Win32
		{94F7EC40-D368-420A-9125-C8D1F413EB33}.Release|x64.ActiveCfg = Release|x64
		{94F7EC40-D368-420A-9125-C8D1F413EB33}.Release|x64.Build.0 = Release|x64
		{94F7EC40-D368-420A-9125-C8D1F413EB33}.Release|x86.ActiveCfg = Release|Win32
		{94F7EC40-D368-420A-9125-C8D1F413EB33}.Release|x86.Build.0 = Release|Win32
		{91E2FA30-4AB3-4D5D-81E7-4F0C35B06E11}.Debug|x64.ActiveCfg = Debug|x64
		{91E2FA30-4AB3-4D5D-81E7-4F0C35B06E11}.Debug|x64.Build.0 = Debug|x64
		{91E2FA30-4AB3-4D5D-81E7-4F0C35B06E11}.Debug|x86.ActiveCfg = Debug|Win32
		{91E2FA30-4AB3-4D5D-81E7-4F0C35B06E11}.Debug|x86.Build.0 = Debug|Win32
		{91E2FA30-4AB3-4D5D-81E7-4F0C35B06E11}.Release|x64.ActiveCfg = Release|x64
		{91E2FA30-4AB3-4D5D-81E7-4F0C35B06E11}.Release|x64.Build.0 = Release|x64
		{91E2FA30-4AB3-4D5D-81E7-4F0C35B06E11}.Release|x86.ActiveCfg = Release|Win32
		{91E2FA30-4AB3-4D5D-81E7-4F0C35B06E11}.Release|x86.Build.0 = Release|Win32
		{B6E7CD18-8F40-4EED-9785-C0652A4B3CE3}.Debug|x64.ActiveCfg = Debug|x64
		{B6E7CD18-8F40-4EED-9785-C0652A4B3CE3}.Debug|x64.Build.0 = Debug|x64
		{B6E7CD18-8F40-4EED-9785-C0652A4B3CE3}.Debug|x86.ActiveCfg = Debug|Win32
		{B6E7CD18-8F40-4EED-9785-C0652A4B3CE3}.Debug|x86.Build.0 = Debug|Win32
		{B6E7CD18-8F40-4EED-9785-C0652A4B3CE3}.Release|x64.ActiveCfg = Release|x64
		{B6E7CD18-8F40-4EED-9785-C0652A4B3CE3}.Release|x64.Build.0 = Release|x64
		{B6E7CD18-8F40-4EED-9785-C0652A4B3CE3}.Release|x86.ActiveCfg = Release|Win32
		{B6E7CD18-8F40-4EED-9785-C0652A4B3CE3}.Release|x86.Build.0 = Release|Win32
	EndGlobalSection
	GlobalSection(SolutionProperties) = preSolution
		HideSolutionNode = FALSE
	EndGlobalSection
	GlobalSection(ExtensibilityGlobals) = postSolution
		SolutionGuid = {35E2302F-CCF6-4353-BC4A-E3B1DD4B5E3D}
	EndGlobalSection
EndGlobal
